// !$*UTF8*$!
{
	archiveVersion = 1;
	classes = {
	};
	objectVersion = 54;
	objects = {

/* Begin PBXBuildFile section */
		FAFF8100287768EB0060BF96 /* AppDelegate.swift in Sources */ = {isa = PBXBuildFile; fileRef = FAFF80FF287768EB0060BF96 /* AppDelegate.swift */; };
		FAFF8102287768EB0060BF96 /* SceneDelegate.swift in Sources */ = {isa = PBXBuildFile; fileRef = FAFF8101287768EB0060BF96 /* SceneDelegate.swift */; };
		FAFF8104287768EB0060BF96 /* InputsViewController.swift in Sources */ = {isa = PBXBuildFile; fileRef = FAFF8103287768EB0060BF96 /* InputsViewController.swift */; };
		FAFF8107287768EB0060BF96 /* Main.storyboard in Resources */ = {isa = PBXBuildFile; fileRef = FAFF8105287768EB0060BF96 /* Main.storyboard */; };
		FAFF8109287768EC0060BF96 /* Assets.xcassets in Resources */ = {isa = PBXBuildFile; fileRef = FAFF8108287768EC0060BF96 /* Assets.xcassets */; };
		FAFF810C287768EC0060BF96 /* LaunchScreen.storyboard in Resources */ = {isa = PBXBuildFile; fileRef = FAFF810A287768EC0060BF96 /* LaunchScreen.storyboard */; };
		FAFF811A28779AF30060BF96 /* PythagoreanViewController.swift in Sources */ = {isa = PBXBuildFile; fileRef = FAFF811928779AF30060BF96 /* PythagoreanViewController.swift */; };
		FAFF811E2877AB590060BF96 /* MapViewController.swift in Sources */ = {isa = PBXBuildFile; fileRef = FAFF811D2877AB590060BF96 /* MapViewController.swift */; };
/* End PBXBuildFile section */

/* Begin PBXFileReference section */
		FAFF80FC287768EB0060BF96 /* midterm_PremSaiKrishna_Kandagattla.app */ = {isa = PBXFileReference; explicitFileType = wrapper.application; includeInIndex = 0; path = midterm_PremSaiKrishna_Kandagattla.app; sourceTree = BUILT_PRODUCTS_DIR; };
		FAFF80FF287768EB0060BF96 /* AppDelegate.swift */ = {isa = PBXFileReference; lastKnownFileType = sourcecode.swift; path = AppDelegate.swift; sourceTree = "<group>"; };
		FAFF8101287768EB0060BF96 /* SceneDelegate.swift */ = {isa = PBXFileReference; lastKnownFileType = sourcecode.swift; path = SceneDelegate.swift; sourceTree = "<group>"; };
		FAFF8103287768EB0060BF96 /* InputsViewController.swift */ = {isa = PBXFileReference; lastKnownFileType = sourcecode.swift; path = InputsViewController.swift; sourceTree = "<group>"; };
		FAFF8106287768EB0060BF96 /* Base */ = {isa = PBXFileReference; lastKnownFileType = file.storyboard; name = Base; path = Base.lproj/Main.storyboard; sourceTree = "<group>"; };
		FAFF8108287768EC0060BF96 /* Assets.xcassets */ = {isa = PBXFileReference; lastKnownFileType = folder.assetcatalog; path = Assets.xcassets; sourceTree = "<group>"; };
		FAFF810B287768EC0060BF96 /* Base */ = {isa = PBXFileReference; lastKnownFileType = file.storyboard; name = Base; path = Base.lproj/LaunchScreen.storyboard; sourceTree = "<group>"; };
		FAFF810D287768EC0060BF96 /* Info.plist */ = {isa = PBXFileReference; lastKnownFileType = text.plist.xml; path = Info.plist; sourceTree = "<group>"; };
		FAFF811928779AF30060BF96 /* PythagoreanViewController.swift */ = {isa = PBXFileReference; lastKnownFileType = sourcecode.swift; path = PythagoreanViewController.swift; sourceTree = "<group>"; };
		FAFF811D2877AB590060BF96 /* MapViewController.swift */ = {isa = PBXFileReference; lastKnownFileType = sourcecode.swift; path = MapViewController.swift; sourceTree = "<group>"; };
/* End PBXFileReference section */

/* Begin PBXFrameworksBuildPhase section */
		FAFF80F9287768EB0060BF96 /* Frameworks */ = {
			isa = PBXFrameworksBuildPhase;
			buildActionMask = 2147483647;
			files = (
			);
			runOnlyForDeploymentPostprocessing = 0;
		};
/* End PBXFrameworksBuildPhase section */

/* Begin PBXGroup section */
		FAFF80F3287768EB0060BF96 = {
			isa = PBXGroup;
			children = (
				FAFF80FE287768EB0060BF96 /* midterm_PremSaiKrishna_Kandagattla */,
				FAFF80FD287768EB0060BF96 /* Products */,
			);
			sourceTree = "<group>";
		};
		FAFF80FD287768EB0060BF96 /* Products */ = {
			isa = PBXGroup;
			children = (
				FAFF80FC287768EB0060BF96 /* midterm_PremSaiKrishna_Kandagattla.app */,
			);
			name = Products;
			sourceTree = "<group>";
		};
		FAFF80FE287768EB0060BF96 /* midterm_PremSaiKrishna_Kandagattla */ = {
			isa = PBXGroup;
			children = (
				FAFF80FF287768EB0060BF96 /* AppDelegate.swift */,
				FAFF8101287768EB0060BF96 /* SceneDelegate.swift */,
				FAFF8103287768EB0060BF96 /* InputsViewController.swift */,
				FAFF8105287768EB0060BF96 /* Main.storyboard */,
				FAFF811D2877AB590060BF96 /* MapViewController.swift */,
				FAFF811928779AF30060BF96 /* PythagoreanViewController.swift */,
				FAFF8108287768EC0060BF96 /* Assets.xcassets */,
				FAFF810A287768EC0060BF96 /* LaunchScreen.storyboard */,
				FAFF810D287768EC0060BF96 /* Info.plist */,
			);
			path = midterm_PremSaiKrishna_Kandagattla;
			sourceTree = "<group>";
		};
/* End PBXGroup section */

/* Begin PBXNativeTarget section */
		FAFF80FB287768EB0060BF96 /* midterm_PremSaiKrishna_Kandagattla */ = {
			isa = PBXNativeTarget;
			buildConfigurationList = FAFF8110287768EC0060BF96 /* Build configuration list for PBXNativeTarget "midterm_PremSaiKrishna_Kandagattla" */;
			buildPhases = (
				FAFF80F8287768EB0060BF96 /* Sources */,
				FAFF80F9287768EB0060BF96 /* Frameworks */,
				FAFF80FA287768EB0060BF96 /* Resources */,
			);
			buildRules = (
			);
			dependencies = (
			);
			name = midterm_PremSaiKrishna_Kandagattla;
			productName = midterm_PremSaiKrishna_Kandagattla;
			productReference = FAFF80FC287768EB0060BF96 /* midterm_PremSaiKrishna_Kandagattla.app */;
			productType = "com.apple.product-type.application";
		};
/* End PBXNativeTarget section */

/* Begin PBXProject section */
		FAFF80F4287768EB0060BF96 /* Project object */ = {
			isa = PBXProject;
			attributes = {
				LastSwiftUpdateCheck = 1240;
				LastUpgradeCheck = 1240;
				TargetAttributes = {
					FAFF80FB287768EB0060BF96 = {
						CreatedOnToolsVersion = 12.4;
					};
				};
			};
			buildConfigurationList = FAFF80F7287768EB0060BF96 /* Build configuration list for PBXProject "midterm_PremSaiKrishna_Kandagattla" */;
			compatibilityVersion = "Xcode 12.0";
			developmentRegion = en;
			hasScannedForEncodings = 0;
			knownRegions = (
				en,
				Base,
			);
			mainGroup = FAFF80F3287768EB0060BF96;
			productRefGroup = FAFF80FD287768EB0060BF96 /* Products */;
			projectDirPath = "";
			projectRoot = "";
			targets = (
				FAFF80FB287768EB0060BF96 /* midterm_PremSaiKrishna_Kandagattla */,
			);
		};
/* End PBXProject section */

/* Begin PBXResourcesBuildPhase section */
		FAFF80FA287768EB0060BF96 /* Resources */ = {
			isa = PBXResourcesBuildPhase;
			buildActionMask = 2147483647;
			files = (
				FAFF810C287768EC0060BF96 /* LaunchScreen.storyboard in Resources */,
				FAFF8109287768EC0060BF96 /* Assets.xcassets in Resources */,
				FAFF8107287768EB0060BF96 /* Main.storyboard in Resources */,
			);
			runOnlyForDeploymentPostprocessing = 0;
		};
/* End PBXResourcesBuildPhase section */

/* Begin PBXSourcesBuildPhase section */
		FAFF80F8287768EB0060BF96 /* Sources */ = {
			isa = PBXSourcesBuildPhase;
			buildActionMask = 2147483647;
			files = (
				FAFF8104287768EB0060BF96 /* InputsViewController.swift in Sources */,
				FAFF8100287768EB0060BF96 /* AppDelegate.swift in Sources */,
				FAFF8102287768EB0060BF96 /* SceneDelegate.swift in Sources */,
				FAFF811E2877AB590060BF96 /* MapViewController.swift in Sources */,
				FAFF811A28779AF30060BF96 /* PythagoreanViewController.swift in Sources */,
			);
			runOnlyForDeploymentPostprocessing = 0;
		};
/* End PBXSourcesBuildPhase section */

/* Begin PBXVariantGroup section */
		FAFF8105287768EB0060BF96 /* Main.storyboard */ = {
			isa = PBXVariantGroup;
			children = (
				FAFF8106287768EB0060BF96 /* Base */,
			);
			name = Main.storyboard;
			sourceTree = "<group>";
		};
		FAFF810A287768EC0060BF96 /* LaunchScreen.storyboard */ = {
			isa = PBXVariantGroup;
			children = (
				FAFF810B287768EC0060BF96 /* Base */,
			);
			name = LaunchScreen.storyboard;
			sourceTree = "<group>";
		};
/* End PBXVariantGroup section */

/* Begin XCBuildConfiguration section */
		FAFF810E287768EC0060BF96 /* Debug */ = {
			isa = XCBuildConfiguration;
			buildSettings = {
				ALWAYS_SEARCH_USER_PATHS = NO;
				CLANG_ANALYZER_NONNULL = YES;
				CLANG_ANALYZER_NUMBER_OBJECT_CONVERSION = YES_AGGRESSIVE;
				CLANG_CXX_LANGUAGE_STANDARD = "gnu++14";
				CLANG_CXX_LIBRARY = "libc++";
				CLANG_ENABLE_MODULES = YES;
				CLANG_ENABLE_OBJC_ARC = YES;
				CLANG_ENABLE_OBJC_WEAK = YES;
				CLANG_WARN_BLOCK_CAPTURE_AUTORELEASING = YES;
				CLANG_WARN_BOOL_CONVERSION = YES;
				CLANG_WARN_COMMA = YES;
				CLANG_WARN_CONSTANT_CONVERSION = YES;
				CLANG_WARN_DEPRECATED_OBJC_IMPLEMENTATIONS = YES;
				CLANG_WARN_DIRECT_OBJC_ISA_USAGE = YES_ERROR;
				CLANG_WARN_DOCUMENTATION_COMMENTS = YES;
				CLANG_WARN_EMPTY_BODY = YES;
				CLANG_WARN_ENUM_CONVERSION = YES;
				CLANG_WARN_INFINITE_RECURSION = YES;
				CLANG_WARN_INT_CONVERSION = YES;
				CLANG_WARN_NON_LITERAL_NULL_CONVERSION = YES;
				CLANG_WARN_OBJC_IMPLICIT_RETAIN_SELF = YES;
				CLANG_WARN_OBJC_LITERAL_CONVERSION = YES;
				CLANG_WARN_OBJC_ROOT_CLASS = YES_ERROR;
				CLANG_WARN_QUOTED_INCLUDE_IN_FRAMEWORK_HEADER = YES;
				CLANG_WARN_RANGE_LOOP_ANALYSIS = YES;
				CLANG_WARN_STRICT_PROTOTYPES = YES;
				CLANG_WARN_SUSPICIOUS_MOVE = YES;
				CLANG_WARN_UNGUARDED_AVAILABILITY = YES_AGGRESSIVE;
				CLANG_WARN_UNREACHABLE_CODE = YES;
				CLANG_WARN__DUPLICATE_METHOD_MATCH = YES;
				COPY_PHASE_STRIP = NO;
				DEBUG_INFORMATION_FORMAT = dwarf;
				ENABLE_STRICT_OBJC_MSGSEND = YES;
				ENABLE_TESTABILITY = YES;
				GCC_C_LANGUAGE_STANDARD = gnu11;
				GCC_DYNAMIC_NO_PIC = NO;
				GCC_NO_COMMON_BLOCKS = YES;
				GCC_OPTIMIZATION_LEVEL = 0;
				GCC_PREPROCESSOR_DEFINITIONS = (
					"DEBUG=1",
					"$(inherited)",
				);
				GCC_WARN_64_TO_32_BIT_CONVERSION = YES;
				GCC_WARN_ABOUT_RETURN_TYPE = YES_ERROR;
				GCC_WARN_UNDECLARED_SELECTOR = YES;
				GCC_WARN_UNINITIALIZED_AUTOS = YES_AGGRESSIVE;
				GCC_WARN_UNUSED_FUNCTION = YES;
				GCC_WARN_UNUSED_VARIABLE = YES;
				IPHONEOS_DEPLOYMENT_TARGET = 14.4;
				MTL_ENABLE_DEBUG_INFO = INCLUDE_SOURCE;
				MTL_FAST_MATH = YES;
				ONLY_ACTIVE_ARCH = YES;
				SDKROOT = iphoneos;
				SWIFT_ACTIVE_COMPILATION_CONDITIONS = DEBUG;
				SWIFT_OPTIMIZATION_LEVEL = "-Onone";
			};
			name = Debug;
		};
		FAFF810F287768EC0060BF96 /* Release */ = {
			isa = XCBuildConfiguration;
			buildSettings = {
				ALWAYS_SEARCH_USER_PATHS = NO;
				CLANG_ANALYZER_NONNULL = YES;
				CLANG_ANALYZER_NUMBER_OBJECT_CONVERSION = YES_AGGRESSIVE;
				CLANG_CXX_LANGUAGE_STANDARD = "gnu++14";
				CLANG_CXX_LIBRARY = "libc++";
				CLANG_ENABLE_MODULES = YES;
				CLANG_ENABLE_OBJC_ARC = YES;
				CLANG_ENABLE_OBJC_WEAK = YES;
				CLANG_WARN_BLOCK_CAPTURE_AUTORELEASING = YES;
				CLANG_WARN_BOOL_CONVERSION = YES;
				CLANG_WARN_COMMA = YES;
				CLANG_WARN_CONSTANT_CONVERSION = YES;
				CLANG_WARN_DEPRECATED_OBJC_IMPLEMENTATIONS = YES;
				CLANG_WARN_DIRECT_OBJC_ISA_USAGE = YES_ERROR;
				CLANG_WARN_DOCUMENTATION_COMMENTS = YES;
				CLANG_WARN_EMPTY_BODY = YES;
				CLANG_WARN_ENUM_CONVERSION = YES;
				CLANG_WARN_INFINITE_RECURSION = YES;
				CLANG_WARN_INT_CONVERSION = YES;
				CLANG_WARN_NON_LITERAL_NULL_CONVERSION = YES;
				CLANG_WARN_OBJC_IMPLICIT_RETAIN_SELF = YES;
				CLANG_WARN_OBJC_LITERAL_CONVERSION = YES;
				CLANG_WARN_OBJC_ROOT_CLASS = YES_ERROR;
				CLANG_WARN_QUOTED_INCLUDE_IN_FRAMEWORK_HEADER = YES;
				CLANG_WARN_RANGE_LOOP_ANALYSIS = YES;
				CLANG_WARN_STRICT_PROTOTYPES = YES;
				CLANG_WARN_SUSPICIOUS_MOVE = YES;
				CLANG_WARN_UNGUARDED_AVAILABILITY = YES_AGGRESSIVE;
				CLANG_WARN_UNREACHABLE_CODE = YES;
				CLANG_WARN__DUPLICATE_METHOD_MATCH = YES;
				COPY_PHASE_STRIP = NO;
				DEBUG_INFORMATION_FORMAT = "dwarf-with-dsym";
				ENABLE_NS_ASSERTIONS = NO;
				ENABLE_STRICT_OBJC_MSGSEND = YES;
				GCC_C_LANGUAGE_STANDARD = gnu11;
				GCC_NO_COMMON_BLOCKS = YES;
				GCC_WARN_64_TO_32_BIT_CONVERSION = YES;
				GCC_WARN_ABOUT_RETURN_TYPE = YES_ERROR;
				GCC_WARN_UNDECLARED_SELECTOR = YES;
				GCC_WARN_UNINITIALIZED_AUTOS = YES_AGGRESSIVE;
				GCC_WARN_UNUSED_FUNCTION = YES;
				GCC_WARN_UNUSED_VARIABLE = YES;
				IPHONEOS_DEPLOYMENT_TARGET = 14.4;
				MTL_ENABLE_DEBUG_INFO = NO;
				MTL_FAST_MATH = YES;
				SDKROOT = iphoneos;
				SWIFT_COMPILATION_MODE = wholemodule;
				SWIFT_OPTIMIZATION_LEVEL = "-O";
				VALIDATE_PRODUCT = YES;
			};
			name = Release;
		};
		FAFF8111287768EC0060BF96 /* Debug */ = {
			isa = XCBuildConfiguration;
			buildSettings = {
				ASSETCATALOG_COMPILER_APPICON_NAME = AppIcon;
				ASSETCATALOG_COMPILER_GLOBAL_ACCENT_COLOR_NAME = AccentColor;
				CODE_SIGN_STYLE = Automatic;
				INFOPLIST_FILE = midterm_PremSaiKrishna_Kandagattla/Info.plist;
				LD_RUNPATH_SEARCH_PATHS = (
					"$(inherited)",
					"@executable_path/Frameworks",
				);
				PRODUCT_BUNDLE_IDENTIFIER = "com.conestogac.midterm-PremSaiKrishna-Kandagattla";
				PRODUCT_NAME = "$(TARGET_NAME)";
				SWIFT_VERSION = 5.0;
				TARGETED_DEVICE_FAMILY = 1;
			};
			name = Debug;
		};
		FAFF8112287768EC0060BF96 /* Release */ = {
			isa = XCBuildConfiguration;
			buildSettings = {
				ASSETCATALOG_COMPILER_APPICON_NAME = AppIcon;
				ASSETCATALOG_COMPILER_GLOBAL_ACCENT_COLOR_NAME = AccentColor;
				CODE_SIGN_STYLE = Automatic;
				INFOPLIST_FILE = midterm_PremSaiKrishna_Kandagattla/Info.plist;
				LD_RUNPATH_SEARCH_PATHS = (
					"$(inherited)",
					"@executable_path/Frameworks",
				);
				PRODUCT_BUNDLE_IDENTIFIER = "com.conestogac.midterm-PremSaiKrishna-Kandagattla";
				PRODUCT_NAME = "$(TARGET_NAME)";
				SWIFT_VERSION = 5.0;
				TARGETED_DEVICE_FAMILY = 1;
			};
			name = Release;
		};
/* End XCBuildConfiguration section */

/* Begin XCConfigurationList section */
		FAFF80F7287768EB0060BF96 /* Build configuration list for PBXProject "midterm_PremSaiKrishna_Kandagattla" */ = {
			isa = XCConfigurationList;
			buildConfigurations = (
				FAFF810E287768EC0060BF96 /* Debug */,
				FAFF810F287768EC0060BF96 /* Release */,
			);
			defaultConfigurationIsVisible = 0;
			defaultConfigurationName = Release;
		};
		FAFF8110287768EC0060BF96 /* Build configuration list for PBXNativeTarget "midterm_PremSaiKrishna_Kandagattla" */ = {
			isa = XCConfigurationList;
			buildConfigurations = (
				FAFF8111287768EC0060BF96 /* Debug */,
				FAFF8112287768EC0060BF96 /* Release */,
			);
			defaultConfigurationIsVisible = 0;
			defaultConfigurationName = Release;
		};
/* End XCConfigurationList section */
	};
	rootObject = FAFF80F4287768EB0060BF96 /* Project object */;
}
